
Microsoft Visual Studio Solution File, Format Version 12.00
# Visual Studio Version 17
VisualStudioVersion = 17.6.33815.320
MinimumVisualStudioVersion = 10.0.40219.1
Project("{9A19103F-16F7-4668-BE54-9A1E7A4F7556}") = "AwardManagementApp", "AwardManagementApp\AwardManagementApp.csproj", "{29A990A8-7827-4B55-9B93-A4D94F2C94F2}"
EndProject
Global
	GlobalSection(SolutionConfigurationPlatforms) = preSolution
		Debug|Any CPU = Debug|Any CPU
		Release|Any CPU = Release|Any CPU
	EndGlobalSection
	GlobalSection(ProjectConfigurationPlatforms) = postSolution
		{29A990A8-7827-4B55-9B93-A4D94F2C94F2}.Debug|Any CPU.ActiveCfg = Debug|Any CPU
		{29A990A8-7827-4B55-9B93-A4D94F2C94F2}.Debug|Any CPU.Build.0 = Debug|Any CPU
		{29A990A8-7827-4B55-9B93-A4D94F2C94F2}.Release|Any CPU.ActiveCfg = Release|Any CPU
		{29A990A8-7827-4B55-9B93-A4D94F2C94F2}.Release|Any CPU.Build.0 = Release|Any CPU
	EndGlobalSection
	GlobalSection(SolutionProperties) = preSolution
		HideSolutionNode = FALSE
	EndGlobalSection
	GlobalSection(ExtensibilityGlobals) = postSolution
		SolutionGuid = {706CE295-4178-4C4B-92AA-66FE2CF88B7D}
	EndGlobalSection
EndGlobal
